
Microsoft Visual Studio Solution File, Format Version 12.00
# Visual Studio Version 17
VisualStudioVersion = 17.1.32228.430
MinimumVisualStudioVersion = 10.0.40219.1
Project("{FAE04EC0-301F-11D3-BF4B-00C04F79EFBC}") = "Web522zuoye", "Web522zuoye\Web522zuoye.csproj", "{E149557F-B6FF-4C8B-81F6-612E6885404D}"
EndProject
Project("{FAE04EC0-301F-11D3-BF4B-00C04F79EFBC}") = "Model", "Model\Model.csproj", "{296641A2-2715-40AD-898B-C8C3B38C40B3}"
EndProject
Project("{FAE04EC0-301F-11D3-BF4B-00C04F79EFBC}") = "UserDb", "UserDb\UserDb.csproj", "{760883DD-683D-4420-A176-B42053A5DC34}"
EndProject
Project("{FAE04EC0-301F-11D3-BF4B-00C04F79EFBC}") = "Repostitory", "Repostitory\Repostitory.csproj", "{B994E021-3D6B-42FE-A4BF-A41EDFFC3EAE}"
EndProject
Project("{FAE04EC0-301F-11D3-BF4B-00C04F79EFBC}") = "IRepostitory", "IRepostitory\IRepostitory.csproj", "{5145F527-7415-4DF7-8D9A-38EA204DE904}"
EndProject
Global
	GlobalSection(SolutionConfigurationPlatforms) = preSolution
		Debug|Any CPU = Debug|Any CPU
		Release|Any CPU = Release|Any CPU
	EndGlobalSection
	GlobalSection(ProjectConfigurationPlatforms) = postSolution
		{E149557F-B6FF-4C8B-81F6-612E6885404D}.Debug|Any CPU.ActiveCfg = Debug|Any CPU
		{E149557F-B6FF-4C8B-81F6-612E6885404D}.Debug|Any CPU.Build.0 = Debug|Any CPU
		{E149557F-B6FF-4C8B-81F6-612E6885404D}.Release|Any CPU.ActiveCfg = Release|Any CPU
		{E149557F-B6FF-4C8B-81F6-612E6885404D}.Release|Any CPU.Build.0 = Release|Any CPU
		{296641A2-2715-40AD-898B-C8C3B38C40B3}.Debug|Any CPU.ActiveCfg = Debug|Any CPU
		{296641A2-2715-40AD-898B-C8C3B38C40B3}.Debug|Any CPU.Build.0 = Debug|Any CPU
		{296641A2-2715-40AD-898B-C8C3B38C40B3}.Release|Any CPU.ActiveCfg = Release|Any CPU
		{296641A2-2715-40AD-898B-C8C3B38C40B3}.Release|Any CPU.Build.0 = Release|Any CPU
		{760883DD-683D-4420-A176-B42053A5DC34}.Debug|Any CPU.ActiveCfg = Debug|Any CPU
		{760883DD-683D-4420-A176-B42053A5DC34}.Debug|Any CPU.Build.0 = Debug|Any CPU
		{760883DD-683D-4420-A176-B42053A5DC34}.Release|Any CPU.ActiveCfg = Release|Any CPU
		{760883DD-683D-4420-A176-B42053A5DC34}.Release|Any CPU.Build.0 = Release|Any CPU
		{B994E021-3D6B-42FE-A4BF-A41EDFFC3EAE}.Debug|Any CPU.ActiveCfg = Debug|Any CPU
		{B994E021-3D6B-42FE-A4BF-A41EDFFC3EAE}.Debug|Any CPU.Build.0 = Debug|Any CPU
		{B994E021-3D6B-42FE-A4BF-A41EDFFC3EAE}.Release|Any CPU.ActiveCfg = Release|Any CPU
		{B994E021-3D6B-42FE-A4BF-A41EDFFC3EAE}.Release|Any CPU.Build.0 = Release|Any CPU
		{5145F527-7415-4DF7-8D9A-38EA204DE904}.Debug|Any CPU.ActiveCfg = Debug|Any CPU
		{5145F527-7415-4DF7-8D9A-38EA204DE904}.Debug|Any CPU.Build.0 = Debug|Any CPU
		{5145F527-7415-4DF7-8D9A-38EA204DE904}.Release|Any CPU.ActiveCfg = Release|Any CPU
		{5145F527-7415-4DF7-8D9A-38EA204DE904}.Release|Any CPU.Build.0 = Release|Any CPU
	EndGlobalSection
	GlobalSection(SolutionProperties) = preSolution
		HideSolutionNode = FALSE
	EndGlobalSection
	GlobalSection(ExtensibilityGlobals) = postSolution
		SolutionGuid = {1EFC9801-908D-43C3-BB33-622768AB5ED0}
	EndGlobalSection
EndGlobal
